
Microsoft Visual Studio Solution File, Format Version 12.00
# Visual Studio Version 16
VisualStudioVersion = 16.0.31911.196
MinimumVisualStudioVersion = 10.0.40219.1
Project("{FAE04EC0-301F-11D3-BF4B-00C04F79EFBC}") = "EducationalGames", "EducationalGames.csproj", "{DA3411AB-B7A2-41F7-83A3-02C9E145E04D}"
EndProject
Global
	GlobalSection(SolutionConfigurationPlatforms) = preSolution
		Debug|Any CPU = Debug|Any CPU
		Release|Any CPU = Release|Any CPU
	EndGlobalSection
	GlobalSection(ProjectConfigurationPlatforms) = postSolution
		{DA3411AB-B7A2-41F7-83A3-02C9E145E04D}.Debug|Any CPU.ActiveCfg = Debug|Any CPU
		{DA3411AB-B7A2-41F7-83A3-02C9E145E04D}.Debug|Any CPU.Build.0 = Debug|Any CPU
		{DA3411AB-B7A2-41F7-83A3-02C9E145E04D}.Release|Any CPU.ActiveCfg = Release|Any CPU
		{DA3411AB-B7A2-41F7-83A3-02C9E145E04D}.Release|Any CPU.Build.0 = Release|Any CPU
	EndGlobalSection
	GlobalSection(SolutionProperties) = preSolution
		HideSolutionNode = FALSE
	EndGlobalSection
	GlobalSection(ExtensibilityGlobals) = postSolution
		SolutionGuid = {6A1F7F08-9AA7-4BB6-B01C-B58FEDA5EE9A}
	EndGlobalSection
EndGlobal
